
Microsoft Visual Studio Solution File, Format Version 12.00
# Visual Studio Version 17
VisualStudioVersion = 17.14.36414.22 d17.14
MinimumVisualStudioVersion = 10.0.40219.1
Project("{FAE04EC0-301F-11D3-BF4B-00C04F79EFBC}") = "pract15_trpo", "pract15_trpo.csproj", "{8F328FC6-A927-4E13-8D0F-F93FDFE2C65D}"
EndProject
Global
	GlobalSection(SolutionConfigurationPlatforms) = preSolution
		Debug|Any CPU = Debug|Any CPU
		Release|Any CPU = Release|Any CPU
	EndGlobalSection
	GlobalSection(ProjectConfigurationPlatforms) = postSolution
		{8F328FC6-A927-4E13-8D0F-F93FDFE2C65D}.Debug|Any CPU.ActiveCfg = Debug|Any CPU
		{8F328FC6-A927-4E13-8D0F-F93FDFE2C65D}.Debug|Any CPU.Build.0 = Debug|Any CPU
		{8F328FC6-A927-4E13-8D0F-F93FDFE2C65D}.Release|Any CPU.ActiveCfg = Release|Any CPU
		{8F328FC6-A927-4E13-8D0F-F93FDFE2C65D}.Release|Any CPU.Build.0 = Release|Any CPU
	EndGlobalSection
	GlobalSection(SolutionProperties) = preSolution
		HideSolutionNode = FALSE
	EndGlobalSection
	GlobalSection(ExtensibilityGlobals) = postSolution
		SolutionGuid = {63EE1612-D721-4D96-8242-C57F95478BFB}
	EndGlobalSection
EndGlobal
